
Microsoft Visual Studio Solution File, Format Version 12.00
# Visual Studio Version 17
VisualStudioVersion = 17.14.36127.28 d17.14
MinimumVisualStudioVersion = 10.0.40219.1
Project("{FAE04EC0-301F-11D3-BF4B-00C04F79EFBC}") = "MoonIDE", "MoonIDE\MoonIDE.csproj", "{FCF36151-03EF-24D0-DBDB-F578E44BC5F8}"
EndProject
Project("{FAE04EC0-301F-11D3-BF4B-00C04F79EFBC}") = "MoonIDE.Desktop", "MoonIDE.Desktop\MoonIDE.Desktop.csproj", "{95186BBC-77B1-0EC1-C91A-97D837FCAE78}"
EndProject
Project("{FAE04EC0-301F-11D3-BF4B-00C04F79EFBC}") = "MoonIDE.Lua", "MoonIDE.Lua\MoonIDE.Lua.csproj", "{1858AE72-7C1B-4226-B380-32C3EB15A93A}"
EndProject
Global
	GlobalSection(SolutionConfigurationPlatforms) = preSolution
		Debug|Any CPU = Debug|Any CPU
		Release|Any CPU = Release|Any CPU
	EndGlobalSection
	GlobalSection(ProjectConfigurationPlatforms) = postSolution
		{FCF36151-03EF-24D0-DBDB-F578E44BC5F8}.Debug|Any CPU.ActiveCfg = Debug|Any CPU
		{FCF36151-03EF-24D0-DBDB-F578E44BC5F8}.Debug|Any CPU.Build.0 = Debug|Any CPU
		{FCF36151-03EF-24D0-DBDB-F578E44BC5F8}.Release|Any CPU.ActiveCfg = Release|Any CPU
		{FCF36151-03EF-24D0-DBDB-F578E44BC5F8}.Release|Any CPU.Build.0 = Release|Any CPU
		{95186BBC-77B1-0EC1-C91A-97D837FCAE78}.Debug|Any CPU.ActiveCfg = Debug|Any CPU
		{95186BBC-77B1-0EC1-C91A-97D837FCAE78}.Debug|Any CPU.Build.0 = Debug|Any CPU
		{95186BBC-77B1-0EC1-C91A-97D837FCAE78}.Release|Any CPU.ActiveCfg = Release|Any CPU
		{95186BBC-77B1-0EC1-C91A-97D837FCAE78}.Release|Any CPU.Build.0 = Release|Any CPU
		{1858AE72-7C1B-4226-B380-32C3EB15A93A}.Debug|Any CPU.ActiveCfg = Debug|Any CPU
		{1858AE72-7C1B-4226-B380-32C3EB15A93A}.Debug|Any CPU.Build.0 = Debug|Any CPU
		{1858AE72-7C1B-4226-B380-32C3EB15A93A}.Release|Any CPU.ActiveCfg = Release|Any CPU
		{1858AE72-7C1B-4226-B380-32C3EB15A93A}.Release|Any CPU.Build.0 = Release|Any CPU
	EndGlobalSection
	GlobalSection(SolutionProperties) = preSolution
		HideSolutionNode = FALSE
	EndGlobalSection
	GlobalSection(ExtensibilityGlobals) = postSolution
		SolutionGuid = {F663F816-CC7F-4779-B14D-B336C0FDFF32}
	EndGlobalSection
EndGlobal
